
Microsoft Visual Studio Solution File, Format Version 12.00
# Visual Studio Version 16
VisualStudioVersion = 16.0.29215.179
MinimumVisualStudioVersion = 10.0.40219.1
Project("{FAE04EC0-301F-11D3-BF4B-00C04F79EFBC}") = "P2-Ap1", "P2-Ap1\P2-Ap1.csproj", "{6E638E29-C7FD-48E3-8B99-EA4084EF8357}"
EndProject
Global
	GlobalSection(SolutionConfigurationPlatforms) = preSolution
		Debug|Any CPU = Debug|Any CPU
		Release|Any CPU = Release|Any CPU
	EndGlobalSection
	GlobalSection(ProjectConfigurationPlatforms) = postSolution
		{6E638E29-C7FD-48E3-8B99-EA4084EF8357}.Debug|Any CPU.ActiveCfg = Debug|Any CPU
		{6E638E29-C7FD-48E3-8B99-EA4084EF8357}.Debug|Any CPU.Build.0 = Debug|Any CPU
		{6E638E29-C7FD-48E3-8B99-EA4084EF8357}.Release|Any CPU.ActiveCfg = Release|Any CPU
		{6E638E29-C7FD-48E3-8B99-EA4084EF8357}.Release|Any CPU.Build.0 = Release|Any CPU
	EndGlobalSection
	GlobalSection(SolutionProperties) = preSolution
		HideSolutionNode = FALSE
	EndGlobalSection
	GlobalSection(ExtensibilityGlobals) = postSolution
		SolutionGuid = {3D9F88AF-68A4-4851-8FF2-CD6B415BB491}
	EndGlobalSection
EndGlobal
